{
  "name": "Algolia-Upload-Records",
  "version": "1.0.0",
  "lockfileVersion": 1,
  "requires": true,
  "dependencies": {
    "@algolia/cache-browser-local-storage": {
      "version": "4.9.3",
      "resolved": "https://registry.nlark.com/@algolia/cache-browser-local-storage/download/@algolia/cache-browser-local-storage-4.9.3.tgz",
      "integrity": "sha1-ROYwalSKdsQQtfZKigobZfYxg8k=",
      "requires": {
        "@algolia/cache-common": "4.9.3"
      }
    },
    "@algolia/cache-common": {
      "version": "4.9.3",
      "resolved": "https://registry.nlark.com/@algolia/cache-common/download/@algolia/cache-common-4.9.3.tgz",
      "integrity": "sha1-CzygfJrxCEM7TTQjoDURw9BT/tU="
    },
    "@algolia/cache-in-memory": {
      "version": "4.9.3",
      "resolved": "https://registry.nlark.com/@algolia/cache-in-memory/download/@algolia/cache-in-memory-4.9.3.tgz",
      "integrity": "sha1-C64q0d5lN8oo769SgAUSZZA7/KU=",
      "requires": {
        "@algolia/cache-common": "4.9.3"
      }
    },
    "@algolia/client-account": {
      "version": "4.9.3",
      "resolved": "https://registry.nlark.com/@algolia/client-account/download/@algolia/client-account-4.9.3.tgz",
      "integrity": "sha1-r5vzYS0F6HqjY3LaUKLwqSZd4gE=",
      "requires": {
        "@algolia/client-common": "4.9.3",
        "@algolia/client-search": "4.9.3",
        "@algolia/transporter": "4.9.3"
      }
    },
    "@algolia/client-analytics": {
      "version": "4.9.3",
      "resolved": "https://registry.nlark.com/@algolia/client-analytics/download/@algolia/client-analytics-4.9.3.tgz",
      "integrity": "sha1-zdtKl9eWKR2RvRVzXeAIstgKCxs=",
      "requires": {
        "@algolia/client-common": "4.9.3",
        "@algolia/client-search": "4.9.3",
        "@algolia/requester-common": "4.9.3",
        "@algolia/transporter": "4.9.3"
      }
    },
    "@algolia/client-common": {
      "version": "4.9.3",
      "resolved": "https://registry.nlark.com/@algolia/client-common/download/@algolia/client-common-4.9.3.tgz",
      "integrity": "sha1-FnpoY7Vf/neIq5rJixtv0AePed8=",
      "requires": {
        "@algolia/requester-common": "4.9.3",
        "@algolia/transporter": "4.9.3"
      }
    },
    "@algolia/client-recommendation": {
      "version": "4.9.3",
      "resolved": "https://registry.nlark.com/@algolia/client-recommendation/download/@algolia/client-recommendation-4.9.3.tgz",
      "integrity": "sha1-4gMSN7KQTJ2blG/IRsh6Ia1nvFo=",
      "requires": {
        "@algolia/client-common": "4.9.3",
        "@algolia/requester-common": "4.9.3",
        "@algolia/transporter": "4.9.3"
      }
    },
    "@algolia/client-search": {
      "version": "4.9.3",
      "resolved": "https://registry.nlark.com/@algolia/client-search/download/@algolia/client-search-4.9.3.tgz",
      "integrity": "sha1-YllkWtWn5ziHJzQ4Brzy0M8+NDo=",
      "requires": {
        "@algolia/client-common": "4.9.3",
        "@algolia/requester-common": "4.9.3",
        "@algolia/transporter": "4.9.3"
      }
    },
    "@algolia/logger-common": {
      "version": "4.9.3",
      "resolved": "https://registry.nlark.com/@algolia/logger-common/download/@algolia/logger-common-4.9.3.tgz",
      "integrity": "sha1-2bl2UkMTsR8RxuxUbi7UUceWShE="
    },
    "@algolia/logger-console": {
      "version": "4.9.3",
      "resolved": "https://registry.nlark.com/@algolia/logger-console/download/@algolia/logger-console-4.9.3.tgz?cache=0&sync_timestamp=1623749819681&other_urls=https%3A%2F%2Fregistry.nlark.com%2F%40algolia%2Flogger-console%2Fdownload%2F%40algolia%2Flogger-console-4.9.3.tgz",
      "integrity": "sha1-9pC/jVJiqCQl2ia0KlGdfsbDeEo=",
      "requires": {
        "@algolia/logger-common": "4.9.3"
      }
    },
    "@algolia/requester-browser-xhr": {
      "version": "4.9.3",
      "resolved": "https://registry.nlark.com/@algolia/requester-browser-xhr/download/@algolia/requester-browser-xhr-4.9.3.tgz?cache=0&sync_timestamp=1623749809690&other_urls=https%3A%2F%2Fregistry.nlark.com%2F%40algolia%2Frequester-browser-xhr%2Fdownload%2F%40algolia%2Frequester-browser-xhr-4.9.3.tgz",
      "integrity": "sha1-HA/VlOJTtBeGs0CK3p9jhi/gxXc=",
      "requires": {
        "@algolia/requester-common": "4.9.3"
      }
    },
    "@algolia/requester-common": {
      "version": "4.9.3",
      "resolved": "https://registry.nlark.com/@algolia/requester-common/download/@algolia/requester-common-4.9.3.tgz?cache=0&sync_timestamp=1623749814725&other_urls=https%3A%2F%2Fregistry.nlark.com%2F%40algolia%2Frequester-common%2Fdownload%2F%40algolia%2Frequester-common-4.9.3.tgz",
      "integrity": "sha1-WPtyyj9PdxTXUof/VoAA7mwq+sY="
    },
    "@algolia/requester-node-http": {
      "version": "4.9.3",
      "resolved": "https://registry.nlark.com/@algolia/requester-node-http/download/@algolia/requester-node-http-4.9.3.tgz?cache=0&sync_timestamp=1623749819739&other_urls=https%3A%2F%2Fregistry.nlark.com%2F%40algolia%2Frequester-node-http%2Fdownload%2F%40algolia%2Frequester-node-http-4.9.3.tgz",
      "integrity": "sha1-or8OcEj+O4HGtrFw+PaKV4na2v4=",
      "requires": {
        "@algolia/requester-common": "4.9.3"
      }
    },
    "@algolia/transporter": {
      "version": "4.9.3",
      "resolved": "https://registry.nlark.com/@algolia/transporter/download/@algolia/transporter-4.9.3.tgz?cache=0&sync_timestamp=1623749819720&other_urls=https%3A%2F%2Fregistry.nlark.com%2F%40algolia%2Ftransporter%2Fdownload%2F%40algolia%2Ftransporter-4.9.3.tgz",
      "integrity": "sha1-Wgkz1OWazfiHEhVrKrbxtGwKf4g=",
      "requires": {
        "@algolia/cache-common": "4.9.3",
        "@algolia/logger-common": "4.9.3",
        "@algolia/requester-common": "4.9.3"
      }
    },
    "algoliasearch": {
      "version": "4.9.3",
      "resolved": "https://registry.nlark.com/algoliasearch/download/algoliasearch-4.9.3.tgz?cache=0&sync_timestamp=1623749612154&other_urls=https%3A%2F%2Fregistry.nlark.com%2Falgoliasearch%2Fdownload%2Falgoliasearch-4.9.3.tgz",
      "integrity": "sha1-si7wrgRQMEzfUmQ2minO+nHqKzA=",
      "requires": {
        "@algolia/cache-browser-local-storage": "4.9.3",
        "@algolia/cache-common": "4.9.3",
        "@algolia/cache-in-memory": "4.9.3",
        "@algolia/client-account": "4.9.3",
        "@algolia/client-analytics": "4.9.3",
        "@algolia/client-common": "4.9.3",
        "@algolia/client-recommendation": "4.9.3",
        "@algolia/client-search": "4.9.3",
        "@algolia/logger-common": "4.9.3",
        "@algolia/logger-console": "4.9.3",
        "@algolia/requester-browser-xhr": "4.9.3",
        "@algolia/requester-common": "4.9.3",
        "@algolia/requester-node-http": "4.9.3",
        "@algolia/transporter": "4.9.3"
      }
    }
  }
}
